// !$*UTF8*$!
{
	archiveVersion = 1;
	classes = {
	};
	objectVersion = 50;
	objects = {

/* Begin PBXBuildFile section */
		834F6AB024F5D2DC00173211 /* AppDelegate.swift in Sources */ = {isa = PBXBuildFile; fileRef = 834F6AAF24F5D2DC00173211 /* AppDelegate.swift */; };
		834F6AB224F5D2DC00173211 /* SceneDelegate.swift in Sources */ = {isa = PBXBuildFile; fileRef = 834F6AB124F5D2DC00173211 /* SceneDelegate.swift */; };
		834F6AB424F5D2DC00173211 /* ViewController.swift in Sources */ = {isa = PBXBuildFile; fileRef = 834F6AB324F5D2DC00173211 /* ViewController.swift */; };
		834F6AB724F5D2DC00173211 /* Main.storyboard in Resources */ = {isa = PBXBuildFile; fileRef = 834F6AB524F5D2DC00173211 /* Main.storyboard */; };
		834F6AB924F5D2E000173211 /* Assets.xcassets in Resources */ = {isa = PBXBuildFile; fileRef = 834F6AB824F5D2E000173211 /* Assets.xcassets */; };
		834F6ABC24F5D2E000173211 /* LaunchScreen.storyboard in Resources */ = {isa = PBXBuildFile; fileRef = 834F6ABA24F5D2E000173211 /* LaunchScreen.storyboard */; };
		834F6AC524F5F14600173211 /* MovieTableViewCell.swift in Sources */ = {isa = PBXBuildFile; fileRef = 834F6AC324F5F14600173211 /* MovieTableViewCell.swift */; };
		834F6AC624F5F14600173211 /* MovieTableViewCell.xib in Resources */ = {isa = PBXBuildFile; fileRef = 834F6AC424F5F14600173211 /* MovieTableViewCell.xib */; };
		836B74E824F7C07400CBF2C5 /* DetalhesFilmeViewController.swift in Sources */ = {isa = PBXBuildFile; fileRef = 836B74E724F7C07400CBF2C5 /* DetalhesFilmeViewController.swift */; };
/* End PBXBuildFile section */

/* Begin PBXFileReference section */
		834F6AAC24F5D2DC00173211 /* Love Movies.app */ = {isa = PBXFileReference; explicitFileType = wrapper.application; includeInIndex = 0; path = "Love Movies.app"; sourceTree = BUILT_PRODUCTS_DIR; };
		834F6AAF24F5D2DC00173211 /* AppDelegate.swift */ = {isa = PBXFileReference; lastKnownFileType = sourcecode.swift; path = AppDelegate.swift; sourceTree = "<group>"; };
		834F6AB124F5D2DC00173211 /* SceneDelegate.swift */ = {isa = PBXFileReference; lastKnownFileType = sourcecode.swift; path = SceneDelegate.swift; sourceTree = "<group>"; };
		834F6AB324F5D2DC00173211 /* ViewController.swift */ = {isa = PBXFileReference; lastKnownFileType = sourcecode.swift; path = ViewController.swift; sourceTree = "<group>"; };
		834F6AB624F5D2DC00173211 /* Base */ = {isa = PBXFileReference; lastKnownFileType = file.storyboard; name = Base; path = Base.lproj/Main.storyboard; sourceTree = "<group>"; };
		834F6AB824F5D2E000173211 /* Assets.xcassets */ = {isa = PBXFileReference; lastKnownFileType = folder.assetcatalog; path = Assets.xcassets; sourceTree = "<group>"; };
		834F6ABB24F5D2E000173211 /* Base */ = {isa = PBXFileReference; lastKnownFileType = file.storyboard; name = Base; path = Base.lproj/LaunchScreen.storyboard; sourceTree = "<group>"; };
		834F6ABD24F5D2E000173211 /* Info.plist */ = {isa = PBXFileReference; lastKnownFileType = text.plist.xml; path = Info.plist; sourceTree = "<group>"; };
		834F6AC324F5F14600173211 /* MovieTableViewCell.swift */ = {isa = PBXFileReference; lastKnownFileType = sourcecode.swift; path = MovieTableViewCell.swift; sourceTree = "<group>"; };
		834F6AC424F5F14600173211 /* MovieTableViewCell.xib */ = {isa = PBXFileReference; lastKnownFileType = file.xib; path = MovieTableViewCell.xib; sourceTree = "<group>"; };
		836B74E724F7C07400CBF2C5 /* DetalhesFilmeViewController.swift */ = {isa = PBXFileReference; lastKnownFileType = sourcecode.swift; path = DetalhesFilmeViewController.swift; sourceTree = "<group>"; };
/* End PBXFileReference section */

/* Begin PBXFrameworksBuildPhase section */
		834F6AA924F5D2DC00173211 /* Frameworks */ = {
			isa = PBXFrameworksBuildPhase;
			buildActionMask = 2147483647;
			files = (
			);
			runOnlyForDeploymentPostprocessing = 0;
		};
/* End PBXFrameworksBuildPhase section */

/* Begin PBXGroup section */
		834F6AA324F5D2DC00173211 = {
			isa = PBXGroup;
			children = (
				834F6AAE24F5D2DC00173211 /* Love Movies */,
				834F6AAD24F5D2DC00173211 /* Products */,
			);
			sourceTree = "<group>";
		};
		834F6AAD24F5D2DC00173211 /* Products */ = {
			isa = PBXGroup;
			children = (
				834F6AAC24F5D2DC00173211 /* Love Movies.app */,
			);
			name = Products;
			sourceTree = "<group>";
		};
		834F6AAE24F5D2DC00173211 /* Love Movies */ = {
			isa = PBXGroup;
			children = (
				834F6AAF24F5D2DC00173211 /* AppDelegate.swift */,
				834F6AB124F5D2DC00173211 /* SceneDelegate.swift */,
				834F6AB324F5D2DC00173211 /* ViewController.swift */,
				834F6AB524F5D2DC00173211 /* Main.storyboard */,
				834F6AB824F5D2E000173211 /* Assets.xcassets */,
				834F6ABA24F5D2E000173211 /* LaunchScreen.storyboard */,
				834F6ABD24F5D2E000173211 /* Info.plist */,
				834F6AC324F5F14600173211 /* MovieTableViewCell.swift */,
				834F6AC424F5F14600173211 /* MovieTableViewCell.xib */,
				836B74E724F7C07400CBF2C5 /* DetalhesFilmeViewController.swift */,
			);
			path = "Love Movies";
			sourceTree = "<group>";
		};
/* End PBXGroup section */

/* Begin PBXNativeTarget section */
		834F6AAB24F5D2DC00173211 /* Love Movies */ = {
			isa = PBXNativeTarget;
			buildConfigurationList = 834F6AC024F5D2E000173211 /* Build configuration list for PBXNativeTarget "Love Movies" */;
			buildPhases = (
				834F6AA824F5D2DC00173211 /* Sources */,
				834F6AA924F5D2DC00173211 /* Frameworks */,
				834F6AAA24F5D2DC00173211 /* Resources */,
			);
			buildRules = (
			);
			dependencies = (
			);
			name = "Love Movies";
			productName = "Love Movies";
			productReference = 834F6AAC24F5D2DC00173211 /* Love Movies.app */;
			productType = "com.apple.product-type.application";
		};
/* End PBXNativeTarget section */

/* Begin PBXProject section */
		834F6AA424F5D2DC00173211 /* Project object */ = {
			isa = PBXProject;
			attributes = {
				LastSwiftUpdateCheck = 1130;
				LastUpgradeCheck = 1130;
				ORGANIZATIONNAME = Vostore;
				TargetAttributes = {
					834F6AAB24F5D2DC00173211 = {
						CreatedOnToolsVersion = 11.3.1;
					};
				};
			};
			buildConfigurationList = 834F6AA724F5D2DC00173211 /* Build configuration list for PBXProject "Love Movies" */;
			compatibilityVersion = "Xcode 9.3";
			developmentRegion = en;
			hasScannedForEncodings = 0;
			knownRegions = (
				en,
				Base,
			);
			mainGroup = 834F6AA324F5D2DC00173211;
			productRefGroup = 834F6AAD24F5D2DC00173211 /* Products */;
			projectDirPath = "";
			projectRoot = "";
			targets = (
				834F6AAB24F5D2DC00173211 /* Love Movies */,
			);
		};
/* End PBXProject section */

/* Begin PBXResourcesBuildPhase section */
		834F6AAA24F5D2DC00173211 /* Resources */ = {
			isa = PBXResourcesBuildPhase;
			buildActionMask = 2147483647;
			files = (
				834F6ABC24F5D2E000173211 /* LaunchScreen.storyboard in Resources */,
				834F6AB924F5D2E000173211 /* Assets.xcassets in Resources */,
				834F6AC624F5F14600173211 /* MovieTableViewCell.xib in Resources */,
				834F6AB724F5D2DC00173211 /* Main.storyboard in Resources */,
			);
			runOnlyForDeploymentPostprocessing = 0;
		};
/* End PBXResourcesBuildPhase section */

/* Begin PBXSourcesBuildPhase section */
		834F6AA824F5D2DC00173211 /* Sources */ = {
			isa = PBXSourcesBuildPhase;
			buildActionMask = 2147483647;
			files = (
				834F6AB424F5D2DC00173211 /* ViewController.swift in Sources */,
				834F6AB024F5D2DC00173211 /* AppDelegate.swift in Sources */,
				836B74E824F7C07400CBF2C5 /* DetalhesFilmeViewController.swift in Sources */,
				834F6AC524F5F14600173211 /* MovieTableViewCell.swift in Sources */,
				834F6AB224F5D2DC00173211 /* SceneDelegate.swift in Sources */,
			);
			runOnlyForDeploymentPostprocessing = 0;
		};
/* End PBXSourcesBuildPhase section */

/* Begin PBXVariantGroup section */
		834F6AB524F5D2DC00173211 /* Main.storyboard */ = {
			isa = PBXVariantGroup;
			children = (
				834F6AB624F5D2DC00173211 /* Base */,
			);
			name = Main.storyboard;
			sourceTree = "<group>";
		};
		834F6ABA24F5D2E000173211 /* LaunchScreen.storyboard */ = {
			isa = PBXVariantGroup;
			children = (
				834F6ABB24F5D2E000173211 /* Base */,
			);
			name = LaunchScreen.storyboard;
			sourceTree = "<group>";
		};
/* End PBXVariantGroup section */

/* Begin XCBuildConfiguration section */
		834F6ABE24F5D2E000173211 /* Debug */ = {
			isa = XCBuildConfiguration;
			buildSettings = {
				ALWAYS_SEARCH_USER_PATHS = NO;
				CLANG_ANALYZER_NONNULL = YES;
				CLANG_ANALYZER_NUMBER_OBJECT_CONVERSION = YES_AGGRESSIVE;
				CLANG_CXX_LANGUAGE_STANDARD = "gnu++14";
				CLANG_CXX_LIBRARY = "libc++";
				CLANG_ENABLE_MODULES = YES;
				CLANG_ENABLE_OBJC_ARC = YES;
				CLANG_ENABLE_OBJC_WEAK = YES;
				CLANG_WARN_BLOCK_CAPTURE_AUTORELEASING = YES;
				CLANG_WARN_BOOL_CONVERSION = YES;
				CLANG_WARN_COMMA = YES;
				CLANG_WARN_CONSTANT_CONVERSION = YES;
				CLANG_WARN_DEPRECATED_OBJC_IMPLEMENTATIONS = YES;
				CLANG_WARN_DIRECT_OBJC_ISA_USAGE = YES_ERROR;
				CLANG_WARN_DOCUMENTATION_COMMENTS = YES;
				CLANG_WARN_EMPTY_BODY = YES;
				CLANG_WARN_ENUM_CONVERSION = YES;
				CLANG_WARN_INFINITE_RECURSION = YES;
				CLANG_WARN_INT_CONVERSION = YES;
				CLANG_WARN_NON_LITERAL_NULL_CONVERSION = YES;
				CLANG_WARN_OBJC_IMPLICIT_RETAIN_SELF = YES;
				CLANG_WARN_OBJC_LITERAL_CONVERSION = YES;
				CLANG_WARN_OBJC_ROOT_CLASS = YES_ERROR;
				CLANG_WARN_RANGE_LOOP_ANALYSIS = YES;
				CLANG_WARN_STRICT_PROTOTYPES = YES;
				CLANG_WARN_SUSPICIOUS_MOVE = YES;
				CLANG_WARN_UNGUARDED_AVAILABILITY = YES_AGGRESSIVE;
				CLANG_WARN_UNREACHABLE_CODE = YES;
				CLANG_WARN__DUPLICATE_METHOD_MATCH = YES;
				COPY_PHASE_STRIP = NO;
				DEBUG_INFORMATION_FORMAT = dwarf;
				ENABLE_STRICT_OBJC_MSGSEND = YES;
				ENABLE_TESTABILITY = YES;
				GCC_C_LANGUAGE_STANDARD = gnu11;
				GCC_DYNAMIC_NO_PIC = NO;
				GCC_NO_COMMON_BLOCKS = YES;
				GCC_OPTIMIZATION_LEVEL = 0;
				GCC_PREPROCESSOR_DEFINITIONS = (
					"DEBUG=1",
					"$(inherited)",
				);
				GCC_WARN_64_TO_32_BIT_CONVERSION = YES;
				GCC_WARN_ABOUT_RETURN_TYPE = YES_ERROR;
				GCC_WARN_UNDECLARED_SELECTOR = YES;
				GCC_WARN_UNINITIALIZED_AUTOS = YES_AGGRESSIVE;
				GCC_WARN_UNUSED_FUNCTION = YES;
				GCC_WARN_UNUSED_VARIABLE = YES;
				IPHONEOS_DEPLOYMENT_TARGET = 13.2;
				MTL_ENABLE_DEBUG_INFO = INCLUDE_SOURCE;
				MTL_FAST_MATH = YES;
				ONLY_ACTIVE_ARCH = YES;
				SDKROOT = iphoneos;
				SWIFT_ACTIVE_COMPILATION_CONDITIONS = DEBUG;
				SWIFT_OPTIMIZATION_LEVEL = "-Onone";
			};
			name = Debug;
		};
		834F6ABF24F5D2E000173211 /* Release */ = {
			isa = XCBuildConfiguration;
			buildSettings = {
				ALWAYS_SEARCH_USER_PATHS = NO;
				CLANG_ANALYZER_NONNULL = YES;
				CLANG_ANALYZER_NUMBER_OBJECT_CONVERSION = YES_AGGRESSIVE;
				CLANG_CXX_LANGUAGE_STANDARD = "gnu++14";
				CLANG_CXX_LIBRARY = "libc++";
				CLANG_ENABLE_MODULES = YES;
				CLANG_ENABLE_OBJC_ARC = YES;
				CLANG_ENABLE_OBJC_WEAK = YES;
				CLANG_WARN_BLOCK_CAPTURE_AUTORELEASING = YES;
				CLANG_WARN_BOOL_CONVERSION = YES;
				CLANG_WARN_COMMA = YES;
				CLANG_WARN_CONSTANT_CONVERSION = YES;
				CLANG_WARN_DEPRECATED_OBJC_IMPLEMENTATIONS = YES;
				CLANG_WARN_DIRECT_OBJC_ISA_USAGE = YES_ERROR;
				CLANG_WARN_DOCUMENTATION_COMMENTS = YES;
				CLANG_WARN_EMPTY_BODY = YES;
				CLANG_WARN_ENUM_CONVERSION = YES;
				CLANG_WARN_INFINITE_RECURSION = YES;
				CLANG_WARN_INT_CONVERSION = YES;
				CLANG_WARN_NON_LITERAL_NULL_CONVERSION = YES;
				CLANG_WARN_OBJC_IMPLICIT_RETAIN_SELF = YES;
				CLANG_WARN_OBJC_LITERAL_CONVERSION = YES;
				CLANG_WARN_OBJC_ROOT_CLASS = YES_ERROR;
				CLANG_WARN_RANGE_LOOP_ANALYSIS = YES;
				CLANG_WARN_STRICT_PROTOTYPES = YES;
				CLANG_WARN_SUSPICIOUS_MOVE = YES;
				CLANG_WARN_UNGUARDED_AVAILABILITY = YES_AGGRESSIVE;
				CLANG_WARN_UNREACHABLE_CODE = YES;
				CLANG_WARN__DUPLICATE_METHOD_MATCH = YES;
				COPY_PHASE_STRIP = NO;
				DEBUG_INFORMATION_FORMAT = "dwarf-with-dsym";
				ENABLE_NS_ASSERTIONS = NO;
				ENABLE_STRICT_OBJC_MSGSEND = YES;
				GCC_C_LANGUAGE_STANDARD = gnu11;
				GCC_NO_COMMON_BLOCKS = YES;
				GCC_WARN_64_TO_32_BIT_CONVERSION = YES;
				GCC_WARN_ABOUT_RETURN_TYPE = YES_ERROR;
				GCC_WARN_UNDECLARED_SELECTOR = YES;
				GCC_WARN_UNINITIALIZED_AUTOS = YES_AGGRESSIVE;
				GCC_WARN_UNUSED_FUNCTION = YES;
				GCC_WARN_UNUSED_VARIABLE = YES;
				IPHONEOS_DEPLOYMENT_TARGET = 13.2;
				MTL_ENABLE_DEBUG_INFO = NO;
				MTL_FAST_MATH = YES;
				SDKROOT = iphoneos;
				SWIFT_COMPILATION_MODE = wholemodule;
				SWIFT_OPTIMIZATION_LEVEL = "-O";
				VALIDATE_PRODUCT = YES;
			};
			name = Release;
		};
		834F6AC124F5D2E000173211 /* Debug */ = {
			isa = XCBuildConfiguration;
			buildSettings = {
				ASSETCATALOG_COMPILER_APPICON_NAME = AppIcon;
				CODE_SIGN_STYLE = Automatic;
				INFOPLIST_FILE = "Love Movies/Info.plist";
				LD_RUNPATH_SEARCH_PATHS = (
					"$(inherited)",
					"@executable_path/Frameworks",
				);
				PRODUCT_BUNDLE_IDENTIFIER = "vostore.Love-Movies";
				PRODUCT_NAME = "$(TARGET_NAME)";
				SWIFT_VERSION = 5.0;
				TARGETED_DEVICE_FAMILY = "1,2";
			};
			name = Debug;
		};
		834F6AC224F5D2E000173211 /* Release */ = {
			isa = XCBuildConfiguration;
			buildSettings = {
				ASSETCATALOG_COMPILER_APPICON_NAME = AppIcon;
				CODE_SIGN_STYLE = Automatic;
				INFOPLIST_FILE = "Love Movies/Info.plist";
				LD_RUNPATH_SEARCH_PATHS = (
					"$(inherited)",
					"@executable_path/Frameworks",
				);
				PRODUCT_BUNDLE_IDENTIFIER = "vostore.Love-Movies";
				PRODUCT_NAME = "$(TARGET_NAME)";
				SWIFT_VERSION = 5.0;
				TARGETED_DEVICE_FAMILY = "1,2";
			};
			name = Release;
		};
/* End XCBuildConfiguration section */

/* Begin XCConfigurationList section */
		834F6AA724F5D2DC00173211 /* Build configuration list for PBXProject "Love Movies" */ = {
			isa = XCConfigurationList;
			buildConfigurations = (
				834F6ABE24F5D2E000173211 /* Debug */,
				834F6ABF24F5D2E000173211 /* Release */,
			);
			defaultConfigurationIsVisible = 0;
			defaultConfigurationName = Release;
		};
		834F6AC024F5D2E000173211 /* Build configuration list for PBXNativeTarget "Love Movies" */ = {
			isa = XCConfigurationList;
			buildConfigurations = (
				834F6AC124F5D2E000173211 /* Debug */,
				834F6AC224F5D2E000173211 /* Release */,
			);
			defaultConfigurationIsVisible = 0;
			defaultConfigurationName = Release;
		};
/* End XCConfigurationList section */
	};
	rootObject = 834F6AA424F5D2DC00173211 /* Project object */;
}
